
Microsoft Visual Studio Solution File, Format Version 12.00
# Visual Studio 15
VisualStudioVersion = 15.0.28307.106
MinimumVisualStudioVersion = 10.0.40219.1
Project("{FAE04EC0-301F-11D3-BF4B-00C04F79EFBC}") = "DatenbankPersonen2", "DatenbankPersonen2\DatenbankPersonen2.csproj", "{E61E7BA7-DE95-4498-8554-8EEC7BB1DFB2}"
EndProject
Global
	GlobalSection(SolutionConfigurationPlatforms) = preSolution
		Debug|Any CPU = Debug|Any CPU
		Release|Any CPU = Release|Any CPU
	EndGlobalSection
	GlobalSection(ProjectConfigurationPlatforms) = postSolution
		{E61E7BA7-DE95-4498-8554-8EEC7BB1DFB2}.Debug|Any CPU.ActiveCfg = Debug|Any CPU
		{E61E7BA7-DE95-4498-8554-8EEC7BB1DFB2}.Debug|Any CPU.Build.0 = Debug|Any CPU
		{E61E7BA7-DE95-4498-8554-8EEC7BB1DFB2}.Release|Any CPU.ActiveCfg = Release|Any CPU
		{E61E7BA7-DE95-4498-8554-8EEC7BB1DFB2}.Release|Any CPU.Build.0 = Release|Any CPU
	EndGlobalSection
	GlobalSection(SolutionProperties) = preSolution
		HideSolutionNode = FALSE
	EndGlobalSection
	GlobalSection(ExtensibilityGlobals) = postSolution
		SolutionGuid = {9935C115-1FD9-4A16-87E2-1400B74AA6C7}
	EndGlobalSection
EndGlobal
